{
  "name": "prettier-plugin-pandoc-workspace",
  "lockfileVersion": 3,
  "requires": true,
  "packages": {
    "": {
      "name": "prettier-plugin-pandoc-workspace",
      "workspaces": [
        "packages/pandoc-parser",
        "packages/pandoc-lint",
        "packages/prettier-plugin-pandoc"
      ],
      "devDependencies": {
        "prettier": "3.9.9"
      }
    },
    "node_modules/@knight-owl-llc/pandoc-lint": {
      "resolved": "packages/pandoc-lint",
      "link": true
    },
    "node_modules/@knight-owl-llc/pandoc-parser": {
      "resolved": "packages/pandoc-parser",
      "link": true
    },
    "node_modules/@knight-owl-llc/prettier-plugin-pandoc": {
      "resolved": "packages/prettier-plugin-pandoc",
      "link": true
    },
    "node_modules/prettier": {
      "version": "3.9.9",
      "resolved": "https://registry.npmjs.org/prettier/-/prettier-3.9.9.tgz",
      "integrity": "sha512-Z/CJHIkdujO/OtN7nXUii0Rf3VT5SRuhjBA82Xvu2XhBUgX3nhP67T0LHceBdQLex7OOFGTox+Q5Yg8Jk2Qivg==",
      "license": "MIT",
      "bin": {
        "prettier": "bin/prettier.cjs"
      },
      "engines": {
        "node": ">=14"
      },
      "funding": {
        "url": "https://github.com/prettier/prettier?sponsor=1"
      }
    },
    "node_modules/yaml": {
      "version": "2.9.1",
      "resolved": "https://registry.npmjs.org/yaml/-/yaml-2.9.1.tgz",
      "integrity": "sha512-3NxN8+78OdzbT7C/WjGsyfPAtJaN3FNDsWxv7Y7mcDsT/oOmgW8BpyQQFFBnvZE3j9Y2Sdz1ULFLezL7Eb2yFw==",
      "license": "ISC",
      "bin": {
        "yaml": "bin.mjs"
      },
      "engines": {
        "node": ">= 14.6"
      },
      "funding": {
        "url": "https://github.com/sponsors/eemeli"
      }
    },
    "packages/pandoc-lint": {
      "name": "@knight-owl-llc/pandoc-lint",
      "version": "0.4.0",
      "license": "GPL-2.0-or-later",
      "dependencies": {
        "@knight-owl-llc/pandoc-parser": "0.4.0"
      },
      "bin": {
        "pandoc-lint": "src/cli.js"
      }
    },
    "packages/pandoc-parser": {
      "name": "@knight-owl-llc/pandoc-parser",
      "version": "0.4.0",
      "license": "GPL-2.0-or-later",
      "dependencies": {
        "yaml": "^2.9.1"
      }
    },
    "packages/prettier-plugin-pandoc": {
      "name": "@knight-owl-llc/prettier-plugin-pandoc",
      "version": "0.4.0",
      "license": "GPL-2.0-or-later",
      "dependencies": {
        "@knight-owl-llc/pandoc-parser": "0.4.0"
      },
      "peerDependencies": {
        "prettier": "^3"
      }
    }
  }
}
